# This file is automatically @generated by Cargo.
# It is not intended for manual editing.
version = 4

[[package]]
name = "tock-cli"
version = "0.0.0"
dependencies = [
 "tock-core",
 "tock-export",
 "tock-import",
 "tock-storage",
 "tock-sync",
]

[[package]]
name = "tock-core"
version = "0.0.0"

[[package]]
name = "tock-crypto"
version = "0.0.0"

[[package]]
name = "tock-export"
version = "0.0.0"
dependencies = [
 "tock-core",
 "tock-storage",
]

[[package]]
name = "tock-import"
version = "0.0.0"
dependencies = [
 "tock-core",
 "tock-storage",
]

[[package]]
name = "tock-parse"
version = "0.0.0"

[[package]]
name = "tock-server"
version = "0.0.0"
dependencies = [
 "tock-sync",
]

[[package]]
name = "tock-storage"
version = "0.0.0"
dependencies = [
 "tock-core",
]

[[package]]
name = "tock-sync"
version = "0.0.0"
dependencies = [
 "tock-core",
 "tock-storage",
]

[[package]]
name = "tock-uniffi"
version = "0.0.0"
dependencies = [
 "tock-core",
]

[[package]]
name = "xtask"
version = "0.0.0"
